
Microsoft Visual Studio Solution File, Format Version 12.00
# Visual Studio Version 16
VisualStudioVersion = 16.0.30804.86
MinimumVisualStudioVersion = 10.0.40219.1
Project("{FAE04EC0-301F-11D3-BF4B-00C04F79EFBC}") = "Classes", "Classes\Classes.csproj", "{BBDB04A6-4A34-484F-AD76-B107F78D2F4E}"
EndProject
Project("{FAE04EC0-301F-11D3-BF4B-00C04F79EFBC}") = "RecapDemo1", "RecapDemo1\RecapDemo1.csproj", "{854C6C72-60D9-4DC9-9F34-2D6FA2E90751}"
EndProject
Project("{FAE04EC0-301F-11D3-BF4B-00C04F79EFBC}") = "Metod", "Metod\Metod.csproj", "{A7666D6D-D03A-40FE-8102-1C2C41092554}"
EndProject
Project("{FAE04EC0-301F-11D3-BF4B-00C04F79EFBC}") = "MetodRefOut", "MetodRefOut\MetodRefOut.csproj", "{B8499BC9-F0B8-420D-9CC5-45F0D887D2FA}"
EndProject
Project("{FAE04EC0-301F-11D3-BF4B-00C04F79EFBC}") = "Diziler", "Diziler\Diziler.csproj", "{D688514D-720B-4E54-BDDE-E77D35FDAADB}"
EndProject
Project("{FAE04EC0-301F-11D3-BF4B-00C04F79EFBC}") = "ClassBeginner", "ClassBeginner\ClassBeginner.csproj", "{1E43244B-20DA-427E-917A-67C035DC850E}"
EndProject
Project("{FAE04EC0-301F-11D3-BF4B-00C04F79EFBC}") = "ÇokBiçimlilik", "ÇokBiçimlilik\ÇokBiçimlilik.csproj", "{22D8EF6D-8AE4-472F-B198-2582684DCC40}"
EndProject
Project("{FAE04EC0-301F-11D3-BF4B-00C04F79EFBC}") = "Kapsülleme", "Kapsülleme\Kapsülleme.csproj", "{078DE0E9-F480-417D-8EFA-2E4ABFC87BD3}"
EndProject
Project("{FAE04EC0-301F-11D3-BF4B-00C04F79EFBC}") = "MetodTry1", "MetodTry1\MetodTry1.csproj", "{74F47CFD-161A-4885-910D-24CDC18EA9F4}"
EndProject
Project("{FAE04EC0-301F-11D3-BF4B-00C04F79EFBC}") = "Interface", "Interface\Interface.csproj", "{BEA5940B-C052-45D7-B4B5-25C8C2C70CBB}"
EndProject
Project("{FAE04EC0-301F-11D3-BF4B-00C04F79EFBC}") = "InterfacesDemo", "InterfacesDemo\InterfacesDemo.csproj", "{372ADE28-208F-458C-BFAD-A26988CB3BF1}"
EndProject
Project("{FAE04EC0-301F-11D3-BF4B-00C04F79EFBC}") = "Recap Demo2 Loglama İşlemi", "Recap Demo2 Loglama İşlemi\Recap Demo2 Loglama İşlemi.csproj", "{2DE34C7E-7618-4F4E-BBF2-1D307646A67A}"
EndProject
Project("{FAE04EC0-301F-11D3-BF4B-00C04F79EFBC}") = "Erişim Bildirgeçleri(private,public,producted,internal)", "Erişim Bildirgeçleri(private,public,producted,internal)\Erişim Bildirgeçleri(private,public,producted,internal).csproj", "{FD31811A-2897-4701-AE77-0915BF23E9CA}"
EndProject
Project("{FAE04EC0-301F-11D3-BF4B-00C04F79EFBC}") = "Collections(List,Array)", "Collections(List,Array)\Collections(List,Array).csproj", "{2E66B576-02D5-4F2D-8595-488E1D3F61C2}"
EndProject
Global
	GlobalSection(SolutionConfigurationPlatforms) = preSolution
		Debug|Any CPU = Debug|Any CPU
		Debug|x64 = Debug|x64
		Debug|x86 = Debug|x86
		Release|Any CPU = Release|Any CPU
		Release|x64 = Release|x64
		Release|x86 = Release|x86
	EndGlobalSection
	GlobalSection(ProjectConfigurationPlatforms) = postSolution
		{BBDB04A6-4A34-484F-AD76-B107F78D2F4E}.Debug|Any CPU.ActiveCfg = Debug|Any CPU
		{BBDB04A6-4A34-484F-AD76-B107F78D2F4E}.Debug|Any CPU.Build.0 = Debug|Any CPU
		{BBDB04A6-4A34-484F-AD76-B107F78D2F4E}.Debug|x64.ActiveCfg = Debug|Any CPU
		{BBDB04A6-4A34-484F-AD76-B107F78D2F4E}.Debug|x64.Build.0 = Debug|Any CPU
		{BBDB04A6-4A34-484F-AD76-B107F78D2F4E}.Debug|x86.ActiveCfg = Debug|Any CPU
		{BBDB04A6-4A34-484F-AD76-B107F78D2F4E}.Debug|x86.Build.0 = Debug|Any CPU
		{BBDB04A6-4A34-484F-AD76-B107F78D2F4E}.Release|Any CPU.ActiveCfg = Release|Any CPU
		{BBDB04A6-4A34-484F-AD76-B107F78D2F4E}.Release|Any CPU.Build.0 = Release|Any CPU
		{BBDB04A6-4A34-484F-AD76-B107F78D2F4E}.Release|x64.ActiveCfg = Release|Any CPU
		{BBDB04A6-4A34-484F-AD76-B107F78D2F4E}.Release|x64.Build.0 = Release|Any CPU
		{BBDB04A6-4A34-484F-AD76-B107F78D2F4E}.Release|x86.ActiveCfg = Release|Any CPU
		{BBDB04A6-4A34-484F-AD76-B107F78D2F4E}.Release|x86.Build.0 = Release|Any CPU
		{854C6C72-60D9-4DC9-9F34-2D6FA2E90751}.Debug|Any CPU.ActiveCfg = Debug|Any CPU
		{854C6C72-60D9-4DC9-9F34-2D6FA2E90751}.Debug|Any CPU.Build.0 = Debug|Any CPU
		{854C6C72-60D9-4DC9-9F34-2D6FA2E90751}.Debug|x64.ActiveCfg = Debug|Any CPU
		{854C6C72-60D9-4DC9-9F34-2D6FA2E90751}.Debug|x64.Build.0 = Debug|Any CPU
		{854C6C72-60D9-4DC9-9F34-2D6FA2E90751}.Debug|x86.ActiveCfg = Debug|Any CPU
		{854C6C72-60D9-4DC9-9F34-2D6FA2E90751}.Debug|x86.Build.0 = Debug|Any CPU
		{854C6C72-60D9-4DC9-9F34-2D6FA2E90751}.Release|Any CPU.ActiveCfg = Release|Any CPU
		{854C6C72-60D9-4DC9-9F34-2D6FA2E90751}.Release|Any CPU.Build.0 = Release|Any CPU
		{854C6C72-60D9-4DC9-9F34-2D6FA2E90751}.Release|x64.ActiveCfg = Release|Any CPU
		{854C6C72-60D9-4DC9-9F34-2D6FA2E90751}.Release|x64.Build.0 = Release|Any CPU
		{854C6C72-60D9-4DC9-9F34-2D6FA2E90751}.Release|x86.ActiveCfg = Release|Any CPU
		{854C6C72-60D9-4DC9-9F34-2D6FA2E90751}.Release|x86.Build.0 = Release|Any CPU
		{A7666D6D-D03A-40FE-8102-1C2C41092554}.Debug|Any CPU.ActiveCfg = Debug|Any CPU
		{A7666D6D-D03A-40FE-8102-1C2C41092554}.Debug|Any CPU.Build.0 = Debug|Any CPU
		{A7666D6D-D03A-40FE-8102-1C2C41092554}.Debug|x64.ActiveCfg = Debug|Any CPU
		{A7666D6D-D03A-40FE-8102-1C2C41092554}.Debug|x64.Build.0 = Debug|Any CPU
		{A7666D6D-D03A-40FE-8102-1C2C41092554}.Debug|x86.ActiveCfg = Debug|Any CPU
		{A7666D6D-D03A-40FE-8102-1C2C41092554}.Debug|x86.Build.0 = Debug|Any CPU
		{A7666D6D-D03A-40FE-8102-1C2C41092554}.Release|Any CPU.ActiveCfg = Release|Any CPU
		{A7666D6D-D03A-40FE-8102-1C2C41092554}.Release|Any CPU.Build.0 = Release|Any CPU
		{A7666D6D-D03A-40FE-8102-1C2C41092554}.Release|x64.ActiveCfg = Release|Any CPU
		{A7666D6D-D03A-40FE-8102-1C2C41092554}.Release|x64.Build.0 = Release|Any CPU
		{A7666D6D-D03A-40FE-8102-1C2C41092554}.Release|x86.ActiveCfg = Release|Any CPU
		{A7666D6D-D03A-40FE-8102-1C2C41092554}.Release|x86.Build.0 = Release|Any CPU
		{B8499BC9-F0B8-420D-9CC5-45F0D887D2FA}.Debug|Any CPU.ActiveCfg = Debug|Any CPU
		{B8499BC9-F0B8-420D-9CC5-45F0D887D2FA}.Debug|Any CPU.Build.0 = Debug|Any CPU
		{B8499BC9-F0B8-420D-9CC5-45F0D887D2FA}.Debug|x64.ActiveCfg = Debug|Any CPU
		{B8499BC9-F0B8-420D-9CC5-45F0D887D2FA}.Debug|x64.Build.0 = Debug|Any CPU
		{B8499BC9-F0B8-420D-9CC5-45F0D887D2FA}.Debug|x86.ActiveCfg = Debug|Any CPU
		{B8499BC9-F0B8-420D-9CC5-45F0D887D2FA}.Debug|x86.Build.0 = Debug|Any CPU
		{B8499BC9-F0B8-420D-9CC5-45F0D887D2FA}.Release|Any CPU.ActiveCfg = Release|Any CPU
		{B8499BC9-F0B8-420D-9CC5-45F0D887D2FA}.Release|Any CPU.Build.0 = Release|Any CPU
		{B8499BC9-F0B8-420D-9CC5-45F0D887D2FA}.Release|x64.ActiveCfg = Release|Any CPU
		{B8499BC9-F0B8-420D-9CC5-45F0D887D2FA}.Release|x64.Build.0 = Release|Any CPU
		{B8499BC9-F0B8-420D-9CC5-45F0D887D2FA}.Release|x86.ActiveCfg = Release|Any CPU
		{B8499BC9-F0B8-420D-9CC5-45F0D887D2FA}.Release|x86.Build.0 = Release|Any CPU
		{D688514D-720B-4E54-BDDE-E77D35FDAADB}.Debug|Any CPU.ActiveCfg = Debug|Any CPU
		{D688514D-720B-4E54-BDDE-E77D35FDAADB}.Debug|Any CPU.Build.0 = Debug|Any CPU
		{D688514D-720B-4E54-BDDE-E77D35FDAADB}.Debug|x64.ActiveCfg = Debug|Any CPU
		{D688514D-720B-4E54-BDDE-E77D35FDAADB}.Debug|x64.Build.0 = Debug|Any CPU
		{D688514D-720B-4E54-BDDE-E77D35FDAADB}.Debug|x86.ActiveCfg = Debug|Any CPU
		{D688514D-720B-4E54-BDDE-E77D35FDAADB}.Debug|x86.Build.0 = Debug|Any CPU
		{D688514D-720B-4E54-BDDE-E77D35FDAADB}.Release|Any CPU.ActiveCfg = Release|Any CPU
		{D688514D-720B-4E54-BDDE-E77D35FDAADB}.Release|Any CPU.Build.0 = Release|Any CPU
		{D688514D-720B-4E54-BDDE-E77D35FDAADB}.Release|x64.ActiveCfg = Release|Any CPU
		{D688514D-720B-4E54-BDDE-E77D35FDAADB}.Release|x64.Build.0 = Release|Any CPU
		{D688514D-720B-4E54-BDDE-E77D35FDAADB}.Release|x86.ActiveCfg = Release|Any CPU
		{D688514D-720B-4E54-BDDE-E77D35FDAADB}.Release|x86.Build.0 = Release|Any CPU
		{1E43244B-20DA-427E-917A-67C035DC850E}.Debug|Any CPU.ActiveCfg = Debug|Any CPU
		{1E43244B-20DA-427E-917A-67C035DC850E}.Debug|Any CPU.Build.0 = Debug|Any CPU
		{1E43244B-20DA-427E-917A-67C035DC850E}.Debug|x64.ActiveCfg = Debug|Any CPU
		{1E43244B-20DA-427E-917A-67C035DC850E}.Debug|x64.Build.0 = Debug|Any CPU
		{1E43244B-20DA-427E-917A-67C035DC850E}.Debug|x86.ActiveCfg = Debug|Any CPU
		{1E43244B-20DA-427E-917A-67C035DC850E}.Debug|x86.Build.0 = Debug|Any CPU
		{1E43244B-20DA-427E-917A-67C035DC850E}.Release|Any CPU.ActiveCfg = Release|Any CPU
		{1E43244B-20DA-427E-917A-67C035DC850E}.Release|Any CPU.Build.0 = Release|Any CPU
		{1E43244B-20DA-427E-917A-67C035DC850E}.Release|x64.ActiveCfg = Release|Any CPU
		{1E43244B-20DA-427E-917A-67C035DC850E}.Release|x64.Build.0 = Release|Any CPU
		{1E43244B-20DA-427E-917A-67C035DC850E}.Release|x86.ActiveCfg = Release|Any CPU
		{1E43244B-20DA-427E-917A-67C035DC850E}.Release|x86.Build.0 = Release|Any CPU
		{22D8EF6D-8AE4-472F-B198-2582684DCC40}.Debug|Any CPU.ActiveCfg = Debug|Any CPU
		{22D8EF6D-8AE4-472F-B198-2582684DCC40}.Debug|Any CPU.Build.0 = Debug|Any CPU
		{22D8EF6D-8AE4-472F-B198-2582684DCC40}.Debug|x64.ActiveCfg = Debug|Any CPU
		{22D8EF6D-8AE4-472F-B198-2582684DCC40}.Debug|x64.Build.0 = Debug|Any CPU
		{22D8EF6D-8AE4-472F-B198-2582684DCC40}.Debug|x86.ActiveCfg = Debug|Any CPU
		{22D8EF6D-8AE4-472F-B198-2582684DCC40}.Debug|x86.Build.0 = Debug|Any CPU
		{22D8EF6D-8AE4-472F-B198-2582684DCC40}.Release|Any CPU.ActiveCfg = Release|Any CPU
		{22D8EF6D-8AE4-472F-B198-2582684DCC40}.Release|Any CPU.Build.0 = Release|Any CPU
		{22D8EF6D-8AE4-472F-B198-2582684DCC40}.Release|x64.ActiveCfg = Release|Any CPU
		{22D8EF6D-8AE4-472F-B198-2582684DCC40}.Release|x64.Build.0 = Release|Any CPU
		{22D8EF6D-8AE4-472F-B198-2582684DCC40}.Release|x86.ActiveCfg = Release|Any CPU
		{22D8EF6D-8AE4-472F-B198-2582684DCC40}.Release|x86.Build.0 = Release|Any CPU
		{078DE0E9-F480-417D-8EFA-2E4ABFC87BD3}.Debug|Any CPU.ActiveCfg = Debug|Any CPU
		{078DE0E9-F480-417D-8EFA-2E4ABFC87BD3}.Debug|Any CPU.Build.0 = Debug|Any CPU
		{078DE0E9-F480-417D-8EFA-2E4ABFC87BD3}.Debug|x64.ActiveCfg = Debug|Any CPU
		{078DE0E9-F480-417D-8EFA-2E4ABFC87BD3}.Debug|x64.Build.0 = Debug|Any CPU
		{078DE0E9-F480-417D-8EFA-2E4ABFC87BD3}.Debug|x86.ActiveCfg = Debug|Any CPU
		{078DE0E9-F480-417D-8EFA-2E4ABFC87BD3}.Debug|x86.Build.0 = Debug|Any CPU
		{078DE0E9-F480-417D-8EFA-2E4ABFC87BD3}.Release|Any CPU.ActiveCfg = Release|Any CPU
		{078DE0E9-F480-417D-8EFA-2E4ABFC87BD3}.Release|Any CPU.Build.0 = Release|Any CPU
		{078DE0E9-F480-417D-8EFA-2E4ABFC87BD3}.Release|x64.ActiveCfg = Release|Any CPU
		{078DE0E9-F480-417D-8EFA-2E4ABFC87BD3}.Release|x64.Build.0 = Release|Any CPU
		{078DE0E9-F480-417D-8EFA-2E4ABFC87BD3}.Release|x86.ActiveCfg = Release|Any CPU
		{078DE0E9-F480-417D-8EFA-2E4ABFC87BD3}.Release|x86.Build.0 = Release|Any CPU
		{74F47CFD-161A-4885-910D-24CDC18EA9F4}.Debug|Any CPU.ActiveCfg = Debug|Any CPU
		{74F47CFD-161A-4885-910D-24CDC18EA9F4}.Debug|Any CPU.Build.0 = Debug|Any CPU
		{74F47CFD-161A-4885-910D-24CDC18EA9F4}.Debug|x64.ActiveCfg = Debug|Any CPU
		{74F47CFD-161A-4885-910D-24CDC18EA9F4}.Debug|x64.Build.0 = Debug|Any CPU
		{74F47CFD-161A-4885-910D-24CDC18EA9F4}.Debug|x86.ActiveCfg = Debug|Any CPU
		{74F47CFD-161A-4885-910D-24CDC18EA9F4}.Debug|x86.Build.0 = Debug|Any CPU
		{74F47CFD-161A-4885-910D-24CDC18EA9F4}.Release|Any CPU.ActiveCfg = Release|Any CPU
		{74F47CFD-161A-4885-910D-24CDC18EA9F4}.Release|Any CPU.Build.0 = Release|Any CPU
		{74F47CFD-161A-4885-910D-24CDC18EA9F4}.Release|x64.ActiveCfg = Release|Any CPU
		{74F47CFD-161A-4885-910D-24CDC18EA9F4}.Release|x64.Build.0 = Release|Any CPU
		{74F47CFD-161A-4885-910D-24CDC18EA9F4}.Release|x86.ActiveCfg = Release|Any CPU
		{74F47CFD-161A-4885-910D-24CDC18EA9F4}.Release|x86.Build.0 = Release|Any CPU
		{BEA5940B-C052-45D7-B4B5-25C8C2C70CBB}.Debug|Any CPU.ActiveCfg = Debug|Any CPU
		{BEA5940B-C052-45D7-B4B5-25C8C2C70CBB}.Debug|Any CPU.Build.0 = Debug|Any CPU
		{BEA5940B-C052-45D7-B4B5-25C8C2C70CBB}.Debug|x64.ActiveCfg = Debug|Any CPU
		{BEA5940B-C052-45D7-B4B5-25C8C2C70CBB}.Debug|x64.Build.0 = Debug|Any CPU
		{BEA5940B-C052-45D7-B4B5-25C8C2C70CBB}.Debug|x86.ActiveCfg = Debug|Any CPU
		{BEA5940B-C052-45D7-B4B5-25C8C2C70CBB}.Debug|x86.Build.0 = Debug|Any CPU
		{BEA5940B-C052-45D7-B4B5-25C8C2C70CBB}.Release|Any CPU.ActiveCfg = Release|Any CPU
		{BEA5940B-C052-45D7-B4B5-25C8C2C70CBB}.Release|Any CPU.Build.0 = Release|Any CPU
		{BEA5940B-C052-45D7-B4B5-25C8C2C70CBB}.Release|x64.ActiveCfg = Release|Any CPU
		{BEA5940B-C052-45D7-B4B5-25C8C2C70CBB}.Release|x64.Build.0 = Release|Any CPU
		{BEA5940B-C052-45D7-B4B5-25C8C2C70CBB}.Release|x86.ActiveCfg = Release|Any CPU
		{BEA5940B-C052-45D7-B4B5-25C8C2C70CBB}.Release|x86.Build.0 = Release|Any CPU
		{372ADE28-208F-458C-BFAD-A26988CB3BF1}.Debug|Any CPU.ActiveCfg = Debug|Any CPU
		{372ADE28-208F-458C-BFAD-A26988CB3BF1}.Debug|Any CPU.Build.0 = Debug|Any CPU
		{372ADE28-208F-458C-BFAD-A26988CB3BF1}.Debug|x64.ActiveCfg = Debug|Any CPU
		{372ADE28-208F-458C-BFAD-A26988CB3BF1}.Debug|x64.Build.0 = Debug|Any CPU
		{372ADE28-208F-458C-BFAD-A26988CB3BF1}.Debug|x86.ActiveCfg = Debug|Any CPU
		{372ADE28-208F-458C-BFAD-A26988CB3BF1}.Debug|x86.Build.0 = Debug|Any CPU
		{372ADE28-208F-458C-BFAD-A26988CB3BF1}.Release|Any CPU.ActiveCfg = Release|Any CPU
		{372ADE28-208F-458C-BFAD-A26988CB3BF1}.Release|Any CPU.Build.0 = Release|Any CPU
		{372ADE28-208F-458C-BFAD-A26988CB3BF1}.Release|x64.ActiveCfg = Release|Any CPU
		{372ADE28-208F-458C-BFAD-A26988CB3BF1}.Release|x64.Build.0 = Release|Any CPU
		{372ADE28-208F-458C-BFAD-A26988CB3BF1}.Release|x86.ActiveCfg = Release|Any CPU
		{372ADE28-208F-458C-BFAD-A26988CB3BF1}.Release|x86.Build.0 = Release|Any CPU
		{2DE34C7E-7618-4F4E-BBF2-1D307646A67A}.Debug|Any CPU.ActiveCfg = Debug|Any CPU
		{2DE34C7E-7618-4F4E-BBF2-1D307646A67A}.Debug|Any CPU.Build.0 = Debug|Any CPU
		{2DE34C7E-7618-4F4E-BBF2-1D307646A67A}.Debug|x64.ActiveCfg = Debug|Any CPU
		{2DE34C7E-7618-4F4E-BBF2-1D307646A67A}.Debug|x64.Build.0 = Debug|Any CPU
		{2DE34C7E-7618-4F4E-BBF2-1D307646A67A}.Debug|x86.ActiveCfg = Debug|Any CPU
		{2DE34C7E-7618-4F4E-BBF2-1D307646A67A}.Debug|x86.Build.0 = Debug|Any CPU
		{2DE34C7E-7618-4F4E-BBF2-1D307646A67A}.Release|Any CPU.ActiveCfg = Release|Any CPU
		{2DE34C7E-7618-4F4E-BBF2-1D307646A67A}.Release|Any CPU.Build.0 = Release|Any CPU
		{2DE34C7E-7618-4F4E-BBF2-1D307646A67A}.Release|x64.ActiveCfg = Release|Any CPU
		{2DE34C7E-7618-4F4E-BBF2-1D307646A67A}.Release|x64.Build.0 = Release|Any CPU
		{2DE34C7E-7618-4F4E-BBF2-1D307646A67A}.Release|x86.ActiveCfg = Release|Any CPU
		{2DE34C7E-7618-4F4E-BBF2-1D307646A67A}.Release|x86.Build.0 = Release|Any CPU
		{FD31811A-2897-4701-AE77-0915BF23E9CA}.Debug|Any CPU.ActiveCfg = Debug|Any CPU
		{FD31811A-2897-4701-AE77-0915BF23E9CA}.Debug|Any CPU.Build.0 = Debug|Any CPU
		{FD31811A-2897-4701-AE77-0915BF23E9CA}.Debug|x64.ActiveCfg = Debug|Any CPU
		{FD31811A-2897-4701-AE77-0915BF23E9CA}.Debug|x64.Build.0 = Debug|Any CPU
		{FD31811A-2897-4701-AE77-0915BF23E9CA}.Debug|x86.ActiveCfg = Debug|Any CPU
		{FD31811A-2897-4701-AE77-0915BF23E9CA}.Debug|x86.Build.0 = Debug|Any CPU
		{FD31811A-2897-4701-AE77-0915BF23E9CA}.Release|Any CPU.ActiveCfg = Release|Any CPU
		{FD31811A-2897-4701-AE77-0915BF23E9CA}.Release|Any CPU.Build.0 = Release|Any CPU
		{FD31811A-2897-4701-AE77-0915BF23E9CA}.Release|x64.ActiveCfg = Release|Any CPU
		{FD31811A-2897-4701-AE77-0915BF23E9CA}.Release|x64.Build.0 = Release|Any CPU
		{FD31811A-2897-4701-AE77-0915BF23E9CA}.Release|x86.ActiveCfg = Release|Any CPU
		{FD31811A-2897-4701-AE77-0915BF23E9CA}.Release|x86.Build.0 = Release|Any CPU
		{2E66B576-02D5-4F2D-8595-488E1D3F61C2}.Debug|Any CPU.ActiveCfg = Debug|Any CPU
		{2E66B576-02D5-4F2D-8595-488E1D3F61C2}.Debug|Any CPU.Build.0 = Debug|Any CPU
		{2E66B576-02D5-4F2D-8595-488E1D3F61C2}.Debug|x64.ActiveCfg = Debug|Any CPU
		{2E66B576-02D5-4F2D-8595-488E1D3F61C2}.Debug|x64.Build.0 = Debug|Any CPU
		{2E66B576-02D5-4F2D-8595-488E1D3F61C2}.Debug|x86.ActiveCfg = Debug|Any CPU
		{2E66B576-02D5-4F2D-8595-488E1D3F61C2}.Debug|x86.Build.0 = Debug|Any CPU
		{2E66B576-02D5-4F2D-8595-488E1D3F61C2}.Release|Any CPU.ActiveCfg = Release|Any CPU
		{2E66B576-02D5-4F2D-8595-488E1D3F61C2}.Release|Any CPU.Build.0 = Release|Any CPU
		{2E66B576-02D5-4F2D-8595-488E1D3F61C2}.Release|x64.ActiveCfg = Release|Any CPU
		{2E66B576-02D5-4F2D-8595-488E1D3F61C2}.Release|x64.Build.0 = Release|Any CPU
		{2E66B576-02D5-4F2D-8595-488E1D3F61C2}.Release|x86.ActiveCfg = Release|Any CPU
		{2E66B576-02D5-4F2D-8595-488E1D3F61C2}.Release|x86.Build.0 = Release|Any CPU
	EndGlobalSection
	GlobalSection(SolutionProperties) = preSolution
		HideSolutionNode = FALSE
	EndGlobalSection
	GlobalSection(ExtensibilityGlobals) = postSolution
		SolutionGuid = {11365EC7-DD6D-449D-BE20-2B9724E183B0}
	EndGlobalSection
EndGlobal
